
Microsoft Visual Studio Solution File, Format Version 12.00
# Visual Studio Version 17
VisualStudioVersion = 17.6.33815.320
MinimumVisualStudioVersion = 10.0.40219.1
Project("{9A19103F-16F7-4668-BE54-9A1E7A4F7556}") = "ConselvaBudget", "ConselvaBudget\ConselvaBudget.csproj", "{2F2746A8-DADD-43AE-B56B-D381E6EB3E45}"
EndProject
Project("{9A19103F-16F7-4668-BE54-9A1E7A4F7556}") = "ConselvaBudget.Tests", "ConselvaBudget.Tests\ConselvaBudget.Tests.csproj", "{B2850619-20B4-4B4C-8F77-F27DE0570E19}"
EndProject
Project("{FAE04EC0-301F-11D3-BF4B-00C04F79EFBC}") = "ConselvaBudget.Seed", "ConselvaBudget.Seed\ConselvaBudget.Seed.csproj", "{393D3217-5097-4E13-8FB7-70CFCD544822}"
EndProject
Global
	GlobalSection(SolutionConfigurationPlatforms) = preSolution
		Debug|Any CPU = Debug|Any CPU
		Release|Any CPU = Release|Any CPU
	EndGlobalSection
	GlobalSection(ProjectConfigurationPlatforms) = postSolution
		{2F2746A8-DADD-43AE-B56B-D381E6EB3E45}.Debug|Any CPU.ActiveCfg = Debug|Any CPU
		{2F2746A8-DADD-43AE-B56B-D381E6EB3E45}.Debug|Any CPU.Build.0 = Debug|Any CPU
		{2F2746A8-DADD-43AE-B56B-D381E6EB3E45}.Release|Any CPU.ActiveCfg = Release|Any CPU
		{2F2746A8-DADD-43AE-B56B-D381E6EB3E45}.Release|Any CPU.Build.0 = Release|Any CPU
		{B2850619-20B4-4B4C-8F77-F27DE0570E19}.Debug|Any CPU.ActiveCfg = Debug|Any CPU
		{B2850619-20B4-4B4C-8F77-F27DE0570E19}.Debug|Any CPU.Build.0 = Debug|Any CPU
		{B2850619-20B4-4B4C-8F77-F27DE0570E19}.Release|Any CPU.ActiveCfg = Release|Any CPU
		{B2850619-20B4-4B4C-8F77-F27DE0570E19}.Release|Any CPU.Build.0 = Release|Any CPU
		{393D3217-5097-4E13-8FB7-70CFCD544822}.Debug|Any CPU.ActiveCfg = Debug|Any CPU
		{393D3217-5097-4E13-8FB7-70CFCD544822}.Debug|Any CPU.Build.0 = Debug|Any CPU
		{393D3217-5097-4E13-8FB7-70CFCD544822}.Release|Any CPU.ActiveCfg = Release|Any CPU
		{393D3217-5097-4E13-8FB7-70CFCD544822}.Release|Any CPU.Build.0 = Release|Any CPU
	EndGlobalSection
	GlobalSection(SolutionProperties) = preSolution
		HideSolutionNode = FALSE
	EndGlobalSection
	GlobalSection(ExtensibilityGlobals) = postSolution
		SolutionGuid = {5845C07C-43C3-4345-ABC5-62DCA7ADBBA1}
	EndGlobalSection
EndGlobal
